
Microsoft Visual Studio Solution File, Format Version 12.00
# Visual Studio Version 16
VisualStudioVersion = 16.0.30309.148
MinimumVisualStudioVersion = 10.0.40219.1
Project("{FAE04EC0-301F-11D3-BF4B-00C04F79EFBC}") = "PromotionRulesEngine", "PromotionRulesEngine\PromotionRulesEngine.csproj", "{04DDF810-FA39-4109-AC21-0F9699A11186}"
EndProject
Project("{FAE04EC0-301F-11D3-BF4B-00C04F79EFBC}") = "PromotionRulesEngineTest", "PromotionRulesEngineTest\PromotionRulesEngineTest.csproj", "{5D02BDE1-D899-446C-83A9-C82DBDE8AB13}"
EndProject
Global
	GlobalSection(SolutionConfigurationPlatforms) = preSolution
		Debug|Any CPU = Debug|Any CPU
		Release|Any CPU = Release|Any CPU
	EndGlobalSection
	GlobalSection(ProjectConfigurationPlatforms) = postSolution
		{04DDF810-FA39-4109-AC21-0F9699A11186}.Debug|Any CPU.ActiveCfg = Debug|Any CPU
		{04DDF810-FA39-4109-AC21-0F9699A11186}.Debug|Any CPU.Build.0 = Debug|Any CPU
		{04DDF810-FA39-4109-AC21-0F9699A11186}.Release|Any CPU.ActiveCfg = Release|Any CPU
		{04DDF810-FA39-4109-AC21-0F9699A11186}.Release|Any CPU.Build.0 = Release|Any CPU
		{5D02BDE1-D899-446C-83A9-C82DBDE8AB13}.Debug|Any CPU.ActiveCfg = Debug|Any CPU
		{5D02BDE1-D899-446C-83A9-C82DBDE8AB13}.Debug|Any CPU.Build.0 = Debug|Any CPU
		{5D02BDE1-D899-446C-83A9-C82DBDE8AB13}.Release|Any CPU.ActiveCfg = Release|Any CPU
		{5D02BDE1-D899-446C-83A9-C82DBDE8AB13}.Release|Any CPU.Build.0 = Release|Any CPU
	EndGlobalSection
	GlobalSection(SolutionProperties) = preSolution
		HideSolutionNode = FALSE
	EndGlobalSection
	GlobalSection(ExtensibilityGlobals) = postSolution
		SolutionGuid = {0FDC91DD-1349-4333-9385-1EB34CAB68FD}
	EndGlobalSection
EndGlobal
